
Microsoft Visual Studio Solution File, Format Version 12.00
# Visual Studio Version 17
VisualStudioVersion = 17.5.002.0
MinimumVisualStudioVersion = 10.0.40219.1
Project("{9A19103F-16F7-4668-BE54-9A1E7A4F7556}") = "screenSound", "screenSound.csproj", "{DDEC7D3E-9CF9-44E5-B81A-898A0B426201}"
EndProject
Global
	GlobalSection(SolutionConfigurationPlatforms) = preSolution
		Debug|Any CPU = Debug|Any CPU
		Release|Any CPU = Release|Any CPU
	EndGlobalSection
	GlobalSection(ProjectConfigurationPlatforms) = postSolution
		{DDEC7D3E-9CF9-44E5-B81A-898A0B426201}.Debug|Any CPU.ActiveCfg = Debug|Any CPU
		{DDEC7D3E-9CF9-44E5-B81A-898A0B426201}.Debug|Any CPU.Build.0 = Debug|Any CPU
		{DDEC7D3E-9CF9-44E5-B81A-898A0B426201}.Release|Any CPU.ActiveCfg = Release|Any CPU
		{DDEC7D3E-9CF9-44E5-B81A-898A0B426201}.Release|Any CPU.Build.0 = Release|Any CPU
	EndGlobalSection
	GlobalSection(SolutionProperties) = preSolution
		HideSolutionNode = FALSE
	EndGlobalSection
	GlobalSection(ExtensibilityGlobals) = postSolution
		SolutionGuid = {72296E73-49C7-4EBF-BF87-FC9141DB1D14}
	EndGlobalSection
EndGlobal
